
Microsoft Visual Studio Solution File, Format Version 12.00
# Visual Studio Version 16
VisualStudioVersion = 16.0.31105.61
MinimumVisualStudioVersion = 10.0.40219.1
Project("{FAE04EC0-301F-11D3-BF4B-00C04F79EFBC}") = "LocalNote", "LocalNote\LocalNote.csproj", "{2EA1180C-DAAA-42AD-BCBD-564C5A580E82}"
EndProject
Project("{FAE04EC0-301F-11D3-BF4B-00C04F79EFBC}") = "LocalNoteUnitTests", "LocalNoteUnitTests\LocalNoteUnitTests.csproj", "{7465A723-67F9-4A1A-B8ED-FC9A4107F4BE}"
EndProject
Global
	GlobalSection(SolutionConfigurationPlatforms) = preSolution
		Debug|ARM = Debug|ARM
		Debug|ARM64 = Debug|ARM64
		Debug|x64 = Debug|x64
		Debug|x86 = Debug|x86
		Release|ARM = Release|ARM
		Release|ARM64 = Release|ARM64
		Release|x64 = Release|x64
		Release|x86 = Release|x86
	EndGlobalSection
	GlobalSection(ProjectConfigurationPlatforms) = postSolution
		{2EA1180C-DAAA-42AD-BCBD-564C5A580E82}.Debug|ARM.ActiveCfg = Debug|ARM
		{2EA1180C-DAAA-42AD-BCBD-564C5A580E82}.Debug|ARM.Build.0 = Debug|ARM
		{2EA1180C-DAAA-42AD-BCBD-564C5A580E82}.Debug|ARM.Deploy.0 = Debug|ARM
		{2EA1180C-DAAA-42AD-BCBD-564C5A580E82}.Debug|ARM64.ActiveCfg = Debug|ARM64
		{2EA1180C-DAAA-42AD-BCBD-564C5A580E82}.Debug|ARM64.Build.0 = Debug|ARM64
		{2EA1180C-DAAA-42AD-BCBD-564C5A580E82}.Debug|ARM64.Deploy.0 = Debug|ARM64
		{2EA1180C-DAAA-42AD-BCBD-564C5A580E82}.Debug|x64.ActiveCfg = Debug|x64
		{2EA1180C-DAAA-42AD-BCBD-564C5A580E82}.Debug|x64.Build.0 = Debug|x64
		{2EA1180C-DAAA-42AD-BCBD-564C5A580E82}.Debug|x64.Deploy.0 = Debug|x64
		{2EA1180C-DAAA-42AD-BCBD-564C5A580E82}.Debug|x86.ActiveCfg = Debug|x86
		{2EA1180C-DAAA-42AD-BCBD-564C5A580E82}.Debug|x86.Build.0 = Debug|x86
		{2EA1180C-DAAA-42AD-BCBD-564C5A580E82}.Debug|x86.Deploy.0 = Debug|x86
		{2EA1180C-DAAA-42AD-BCBD-564C5A580E82}.Release|ARM.ActiveCfg = Release|ARM
		{2EA1180C-DAAA-42AD-BCBD-564C5A580E82}.Release|ARM.Build.0 = Release|ARM
		{2EA1180C-DAAA-42AD-BCBD-564C5A580E82}.Release|ARM.Deploy.0 = Release|ARM
		{2EA1180C-DAAA-42AD-BCBD-564C5A580E82}.Release|ARM64.ActiveCfg = Release|ARM64
		{2EA1180C-DAAA-42AD-BCBD-564C5A580E82}.Release|ARM64.Build.0 = Release|ARM64
		{2EA1180C-DAAA-42AD-BCBD-564C5A580E82}.Release|ARM64.Deploy.0 = Release|ARM64
		{2EA1180C-DAAA-42AD-BCBD-564C5A580E82}.Release|x64.ActiveCfg = Release|x64
		{2EA1180C-DAAA-42AD-BCBD-564C5A580E82}.Release|x64.Build.0 = Release|x64
		{2EA1180C-DAAA-42AD-BCBD-564C5A580E82}.Release|x64.Deploy.0 = Release|x64
		{2EA1180C-DAAA-42AD-BCBD-564C5A580E82}.Release|x86.ActiveCfg = Release|x86
		{2EA1180C-DAAA-42AD-BCBD-564C5A580E82}.Release|x86.Build.0 = Release|x86
		{2EA1180C-DAAA-42AD-BCBD-564C5A580E82}.Release|x86.Deploy.0 = Release|x86
		{7465A723-67F9-4A1A-B8ED-FC9A4107F4BE}.Debug|ARM.ActiveCfg = Debug|ARM
		{7465A723-67F9-4A1A-B8ED-FC9A4107F4BE}.Debug|ARM.Build.0 = Debug|ARM
		{7465A723-67F9-4A1A-B8ED-FC9A4107F4BE}.Debug|ARM.Deploy.0 = Debug|ARM
		{7465A723-67F9-4A1A-B8ED-FC9A4107F4BE}.Debug|ARM64.ActiveCfg = Debug|ARM64
		{7465A723-67F9-4A1A-B8ED-FC9A4107F4BE}.Debug|ARM64.Build.0 = Debug|ARM64
		{7465A723-67F9-4A1A-B8ED-FC9A4107F4BE}.Debug|ARM64.Deploy.0 = Debug|ARM64
		{7465A723-67F9-4A1A-B8ED-FC9A4107F4BE}.Debug|x64.ActiveCfg = Debug|x64
		{7465A723-67F9-4A1A-B8ED-FC9A4107F4BE}.Debug|x64.Build.0 = Debug|x64
		{7465A723-67F9-4A1A-B8ED-FC9A4107F4BE}.Debug|x64.Deploy.0 = Debug|x64
		{7465A723-67F9-4A1A-B8ED-FC9A4107F4BE}.Debug|x86.ActiveCfg = Debug|x86
		{7465A723-67F9-4A1A-B8ED-FC9A4107F4BE}.Debug|x86.Build.0 = Debug|x86
		{7465A723-67F9-4A1A-B8ED-FC9A4107F4BE}.Debug|x86.Deploy.0 = Debug|x86
		{7465A723-67F9-4A1A-B8ED-FC9A4107F4BE}.Release|ARM.ActiveCfg = Release|ARM
		{7465A723-67F9-4A1A-B8ED-FC9A4107F4BE}.Release|ARM.Build.0 = Release|ARM
		{7465A723-67F9-4A1A-B8ED-FC9A4107F4BE}.Release|ARM.Deploy.0 = Release|ARM
		{7465A723-67F9-4A1A-B8ED-FC9A4107F4BE}.Release|ARM64.ActiveCfg = Release|ARM64
		{7465A723-67F9-4A1A-B8ED-FC9A4107F4BE}.Release|ARM64.Build.0 = Release|ARM64
		{7465A723-67F9-4A1A-B8ED-FC9A4107F4BE}.Release|ARM64.Deploy.0 = Release|ARM64
		{7465A723-67F9-4A1A-B8ED-FC9A4107F4BE}.Release|x64.ActiveCfg = Release|x64
		{7465A723-67F9-4A1A-B8ED-FC9A4107F4BE}.Release|x64.Build.0 = Release|x64
		{7465A723-67F9-4A1A-B8ED-FC9A4107F4BE}.Release|x64.Deploy.0 = Release|x64
		{7465A723-67F9-4A1A-B8ED-FC9A4107F4BE}.Release|x86.ActiveCfg = Release|x86
		{7465A723-67F9-4A1A-B8ED-FC9A4107F4BE}.Release|x86.Build.0 = Release|x86
		{7465A723-67F9-4A1A-B8ED-FC9A4107F4BE}.Release|x86.Deploy.0 = Release|x86
	EndGlobalSection
	GlobalSection(SolutionProperties) = preSolution
		HideSolutionNode = FALSE
	EndGlobalSection
	GlobalSection(ExtensibilityGlobals) = postSolution
		SolutionGuid = {FA7BA742-F53B-4FCF-B18D-BA7686E7A5CB}
	EndGlobalSection
EndGlobal
